
Microsoft Visual Studio Solution File, Format Version 12.00
# Visual Studio 15
VisualStudioVersion = 15.0.28307.136
MinimumVisualStudioVersion = 10.0.40219.1
Project("{FAE04EC0-301F-11D3-BF4B-00C04F79EFBC}") = "Assistant_III", "Assistant_III\Assistant_III.csproj", "{A7D247C5-78EA-4DA5-8C5D-84D16A09A4EB}"
EndProject
Global
	GlobalSection(SolutionConfigurationPlatforms) = preSolution
		Debug|Any CPU = Debug|Any CPU
		Release|Any CPU = Release|Any CPU
	EndGlobalSection
	GlobalSection(ProjectConfigurationPlatforms) = postSolution
		{A7D247C5-78EA-4DA5-8C5D-84D16A09A4EB}.Debug|Any CPU.ActiveCfg = Debug|Any CPU
		{A7D247C5-78EA-4DA5-8C5D-84D16A09A4EB}.Debug|Any CPU.Build.0 = Debug|Any CPU
		{A7D247C5-78EA-4DA5-8C5D-84D16A09A4EB}.Release|Any CPU.ActiveCfg = Release|Any CPU
		{A7D247C5-78EA-4DA5-8C5D-84D16A09A4EB}.Release|Any CPU.Build.0 = Release|Any CPU
	EndGlobalSection
	GlobalSection(SolutionProperties) = preSolution
		HideSolutionNode = FALSE
	EndGlobalSection
	GlobalSection(ExtensibilityGlobals) = postSolution
		SolutionGuid = {BEA5DDF9-4213-469F-9930-89938758AF3E}
	EndGlobalSection
EndGlobal
